{
  "name": "lerna-tool4",
  "version": "2.0.0",
  "lockfileVersion": 1,
  "requires": true,
  "dependencies": {
    "@omega-tracker/core": {
      "version": "git+https://git.xiaojukeji.com/qt-fe/tracker/tracker-core.git#a2728ab54edc6faf39f88dd6e3d91aa8ba920293"
    },
    "lerna-root": {
      "version": "git+https://github.com/jimwmg/lerna-repo.git#645fbbd9c8b41068eba5d82cd2485908e9f03543"
    }
  }
}
